
Microsoft Visual Studio Solution File, Format Version 12.00
# Visual Studio 15
VisualStudioVersion = 15.0.27130.2036
MinimumVisualStudioVersion = 10.0.40219.1
Project("{FAE04EC0-301F-11D3-BF4B-00C04F79EFBC}") = "AirTrafficMonitoring", "AirTrafficMonitoring\AirTrafficMonitoring.csproj", "{3B6BE1F2-9FF1-4B01-B85A-2EEF29FD6F4F}"
EndProject
Project("{FAE04EC0-301F-11D3-BF4B-00C04F79EFBC}") = "ATM_application", "ATM_application\ATM_application.csproj", "{01F37F56-4192-4077-A35A-8009FB6C855F}"
EndProject
Project("{FAE04EC0-301F-11D3-BF4B-00C04F79EFBC}") = "AitTrafficMonitoring.Test.Unit", "AitTrafficMonitoring.Test.Unit\AitTrafficMonitoring.Test.Unit.csproj", "{3A189AA4-FCC9-4254-BB18-95A2DFC26163}"
EndProject
Project("{FAE04EC0-301F-11D3-BF4B-00C04F79EFBC}") = "AitTrafficMonitoring.Test.Integration", "..\..\..\..\..\..\..\Desktop\AirTrafficMonitoring\AitTrafficMonitoring.Test.Integration\AitTrafficMonitoring.Test.Integration.csproj", "{63362EA4-0635-46CA-9063-A6ACA46D2359}"
EndProject
Global
	GlobalSection(SolutionConfigurationPlatforms) = preSolution
		Debug|Any CPU = Debug|Any CPU
		Release|Any CPU = Release|Any CPU
	EndGlobalSection
	GlobalSection(ProjectConfigurationPlatforms) = postSolution
		{3B6BE1F2-9FF1-4B01-B85A-2EEF29FD6F4F}.Debug|Any CPU.ActiveCfg = Debug|Any CPU
		{3B6BE1F2-9FF1-4B01-B85A-2EEF29FD6F4F}.Debug|Any CPU.Build.0 = Debug|Any CPU
		{3B6BE1F2-9FF1-4B01-B85A-2EEF29FD6F4F}.Release|Any CPU.ActiveCfg = Release|Any CPU
		{3B6BE1F2-9FF1-4B01-B85A-2EEF29FD6F4F}.Release|Any CPU.Build.0 = Release|Any CPU
		{01F37F56-4192-4077-A35A-8009FB6C855F}.Debug|Any CPU.ActiveCfg = Debug|Any CPU
		{01F37F56-4192-4077-A35A-8009FB6C855F}.Debug|Any CPU.Build.0 = Debug|Any CPU
		{01F37F56-4192-4077-A35A-8009FB6C855F}.Release|Any CPU.ActiveCfg = Release|Any CPU
		{01F37F56-4192-4077-A35A-8009FB6C855F}.Release|Any CPU.Build.0 = Release|Any CPU
		{3A189AA4-FCC9-4254-BB18-95A2DFC26163}.Debug|Any CPU.ActiveCfg = Debug|Any CPU
		{3A189AA4-FCC9-4254-BB18-95A2DFC26163}.Debug|Any CPU.Build.0 = Debug|Any CPU
		{3A189AA4-FCC9-4254-BB18-95A2DFC26163}.Release|Any CPU.ActiveCfg = Release|Any CPU
		{3A189AA4-FCC9-4254-BB18-95A2DFC26163}.Release|Any CPU.Build.0 = Release|Any CPU
		{63362EA4-0635-46CA-9063-A6ACA46D2359}.Debug|Any CPU.ActiveCfg = Debug|Any CPU
		{63362EA4-0635-46CA-9063-A6ACA46D2359}.Debug|Any CPU.Build.0 = Debug|Any CPU
		{63362EA4-0635-46CA-9063-A6ACA46D2359}.Release|Any CPU.ActiveCfg = Release|Any CPU
		{63362EA4-0635-46CA-9063-A6ACA46D2359}.Release|Any CPU.Build.0 = Release|Any CPU
	EndGlobalSection
	GlobalSection(SolutionProperties) = preSolution
		HideSolutionNode = FALSE
	EndGlobalSection
	GlobalSection(ExtensibilityGlobals) = postSolution
		SolutionGuid = {499F5CCC-B5B5-4216-908C-B934A69161F1}
	EndGlobalSection
EndGlobal
